
Microsoft Visual Studio Solution File, Format Version 12.00
# Visual Studio Version 16
VisualStudioVersion = 16.0.30503.244
MinimumVisualStudioVersion = 10.0.40219.1
Project("{FAE04EC0-301F-11D3-BF4B-00C04F79EFBC}") = "practicasClases", "practicasClases\practicasClases.csproj", "{98ACCE72-2EBA-4833-8340-DAE2F55BF937}"
EndProject
Global
	GlobalSection(SolutionConfigurationPlatforms) = preSolution
		Debug|Any CPU = Debug|Any CPU
		Release|Any CPU = Release|Any CPU
	EndGlobalSection
	GlobalSection(ProjectConfigurationPlatforms) = postSolution
		{98ACCE72-2EBA-4833-8340-DAE2F55BF937}.Debug|Any CPU.ActiveCfg = Debug|Any CPU
		{98ACCE72-2EBA-4833-8340-DAE2F55BF937}.Debug|Any CPU.Build.0 = Debug|Any CPU
		{98ACCE72-2EBA-4833-8340-DAE2F55BF937}.Release|Any CPU.ActiveCfg = Release|Any CPU
		{98ACCE72-2EBA-4833-8340-DAE2F55BF937}.Release|Any CPU.Build.0 = Release|Any CPU
	EndGlobalSection
	GlobalSection(SolutionProperties) = preSolution
		HideSolutionNode = FALSE
	EndGlobalSection
	GlobalSection(ExtensibilityGlobals) = postSolution
		SolutionGuid = {2CC0C32E-9F50-4888-B9CE-2D264EA7AA90}
	EndGlobalSection
EndGlobal
